
Microsoft Visual Studio Solution File, Format Version 12.00
Project("{FAE04EC0-301F-11D3-BF4B-00C04F79EFBC}") = "DataFactoryMocking", "DataFactoryMocking\DataFactoryMocking.csproj", "{81E290E6-CC77-49AD-AF77-8CD5EA994FF6}"
EndProject
Project("{FAE04EC0-301F-11D3-BF4B-00C04F79EFBC}") = "DataFactoryMockingTests", "DataFactoryMockingTests\DataFactoryMockingTests.csproj", "{3B3CCCC9-0C25-4C95-813D-10DA032BB4D2}"
EndProject
Global
	GlobalSection(SolutionConfigurationPlatforms) = preSolution
		Debug|Any CPU = Debug|Any CPU
		Release|Any CPU = Release|Any CPU
	EndGlobalSection
	GlobalSection(ProjectConfigurationPlatforms) = postSolution
		{81E290E6-CC77-49AD-AF77-8CD5EA994FF6}.Debug|Any CPU.ActiveCfg = Debug|Any CPU
		{81E290E6-CC77-49AD-AF77-8CD5EA994FF6}.Debug|Any CPU.Build.0 = Debug|Any CPU
		{81E290E6-CC77-49AD-AF77-8CD5EA994FF6}.Release|Any CPU.ActiveCfg = Release|Any CPU
		{81E290E6-CC77-49AD-AF77-8CD5EA994FF6}.Release|Any CPU.Build.0 = Release|Any CPU
		{3B3CCCC9-0C25-4C95-813D-10DA032BB4D2}.Debug|Any CPU.ActiveCfg = Debug|Any CPU
		{3B3CCCC9-0C25-4C95-813D-10DA032BB4D2}.Debug|Any CPU.Build.0 = Debug|Any CPU
		{3B3CCCC9-0C25-4C95-813D-10DA032BB4D2}.Release|Any CPU.ActiveCfg = Release|Any CPU
		{3B3CCCC9-0C25-4C95-813D-10DA032BB4D2}.Release|Any CPU.Build.0 = Release|Any CPU
	EndGlobalSection
EndGlobal
